
Microsoft Visual Studio Solution File, Format Version 12.00
# Visual Studio Version 17
VisualStudioVersion = 17.9.34728.123
MinimumVisualStudioVersion = 10.0.40219.1
Project("{FAE04EC0-301F-11D3-BF4B-00C04F79EFBC}") = "ChatAPI", "ChatAPI.csproj", "{07D94881-CC02-4C55-8911-0718BB5D5874}"
EndProject
Global
	GlobalSection(SolutionConfigurationPlatforms) = preSolution
		Debug|Any CPU = Debug|Any CPU
		Release|Any CPU = Release|Any CPU
	EndGlobalSection
	GlobalSection(ProjectConfigurationPlatforms) = postSolution
		{07D94881-CC02-4C55-8911-0718BB5D5874}.Debug|Any CPU.ActiveCfg = Debug|Any CPU
		{07D94881-CC02-4C55-8911-0718BB5D5874}.Debug|Any CPU.Build.0 = Debug|Any CPU
		{07D94881-CC02-4C55-8911-0718BB5D5874}.Release|Any CPU.ActiveCfg = Release|Any CPU
		{07D94881-CC02-4C55-8911-0718BB5D5874}.Release|Any CPU.Build.0 = Release|Any CPU
	EndGlobalSection
	GlobalSection(SolutionProperties) = preSolution
		HideSolutionNode = FALSE
	EndGlobalSection
	GlobalSection(ExtensibilityGlobals) = postSolution
		SolutionGuid = {394F7441-F276-4188-BD4F-15F0E6C16051}
	EndGlobalSection
EndGlobal
